
Microsoft Visual Studio Solution File, Format Version 12.00
# Visual Studio 15
VisualStudioVersion = 15.0.26730.15
MinimumVisualStudioVersion = 10.0.40219.1
Project("{FAE04EC0-301F-11D3-BF4B-00C04F79EFBC}") = "HotelsMVC", "HotelsMVC\HotelsMVC.csproj", "{DD588D8B-8A4E-451B-A09F-3EA19C421085}"
EndProject
Global
	GlobalSection(SolutionConfigurationPlatforms) = preSolution
		Debug|Any CPU = Debug|Any CPU
		Release|Any CPU = Release|Any CPU
	EndGlobalSection
	GlobalSection(ProjectConfigurationPlatforms) = postSolution
		{DD588D8B-8A4E-451B-A09F-3EA19C421085}.Debug|Any CPU.ActiveCfg = Debug|Any CPU
		{DD588D8B-8A4E-451B-A09F-3EA19C421085}.Debug|Any CPU.Build.0 = Debug|Any CPU
		{DD588D8B-8A4E-451B-A09F-3EA19C421085}.Release|Any CPU.ActiveCfg = Release|Any CPU
		{DD588D8B-8A4E-451B-A09F-3EA19C421085}.Release|Any CPU.Build.0 = Release|Any CPU
	EndGlobalSection
	GlobalSection(SolutionProperties) = preSolution
		HideSolutionNode = FALSE
	EndGlobalSection
	GlobalSection(ExtensibilityGlobals) = postSolution
		SolutionGuid = {85D61B72-E5F2-4C77-991C-2C97F06AEE7B}
	EndGlobalSection
EndGlobal
